
Microsoft Visual Studio Solution File, Format Version 12.00
# Visual Studio 15
VisualStudioVersion = 15.0.28010.2046
MinimumVisualStudioVersion = 10.0.40219.1
Project("{FAE04EC0-301F-11D3-BF4B-00C04F79EFBC}") = "Snake", "Snake\Snake.csproj", "{CFAEB043-A8E1-40F9-9904-8D43E7A2CFEA}"
EndProject
Global
	GlobalSection(SolutionConfigurationPlatforms) = preSolution
		Debug|Any CPU = Debug|Any CPU
		Release|Any CPU = Release|Any CPU
	EndGlobalSection
	GlobalSection(ProjectConfigurationPlatforms) = postSolution
		{CFAEB043-A8E1-40F9-9904-8D43E7A2CFEA}.Debug|Any CPU.ActiveCfg = Debug|Any CPU
		{CFAEB043-A8E1-40F9-9904-8D43E7A2CFEA}.Debug|Any CPU.Build.0 = Debug|Any CPU
		{CFAEB043-A8E1-40F9-9904-8D43E7A2CFEA}.Release|Any CPU.ActiveCfg = Release|Any CPU
		{CFAEB043-A8E1-40F9-9904-8D43E7A2CFEA}.Release|Any CPU.Build.0 = Release|Any CPU
	EndGlobalSection
	GlobalSection(SolutionProperties) = preSolution
		HideSolutionNode = FALSE
	EndGlobalSection
	GlobalSection(ExtensibilityGlobals) = postSolution
		SolutionGuid = {1DABB876-A6DC-496A-BF49-46D3B1D86AB6}
	EndGlobalSection
EndGlobal
